Microsoft Visual Studio Solution File, Format Version 12.00
# Visual Studio Version 17
VisualStudioVersion = 17.5.2.0
MinimumVisualStudioVersion = 10.0.40219.1
Project("{FAE04EC0-301F-11D3-BF4B-00C04F79EFBC}") = "assetto_reader", "assetto_reader.csproj", "{07C0FE41-1168-9F45-BC7D-0960803CB91D}"
EndProject
Global
	GlobalSection(SolutionConfigurationPlatforms) = preSolution
		Debug|Any CPU = Debug|Any CPU
		Release|Any CPU = Release|Any CPU
	EndGlobalSection
	GlobalSection(ProjectConfigurationPlatforms) = postSolution
		{07C0FE41-1168-9F45-BC7D-0960803CB91D}.Debug|Any CPU.ActiveCfg = Debug|Any CPU
		{07C0FE41-1168-9F45-BC7D-0960803CB91D}.Debug|Any CPU.Build.0 = Debug|Any CPU
		{07C0FE41-1168-9F45-BC7D-0960803CB91D}.Release|Any CPU.ActiveCfg = Release|Any CPU
		{07C0FE41-1168-9F45-BC7D-0960803CB91D}.Release|Any CPU.Build.0 = Release|Any CPU
	EndGlobalSection
	GlobalSection(SolutionProperties) = preSolution
		HideSolutionNode = FALSE
	EndGlobalSection
	GlobalSection(ExtensibilityGlobals) = postSolution
		SolutionGuid = {F5A71D18-A805-4C8E-8B13-E3FE0C2FBC9C}
	EndGlobalSection
EndGlobal
